
Microsoft Visual Studio Solution File, Format Version 12.00
# Visual Studio Version 17
VisualStudioVersion = 17.4.33122.133
MinimumVisualStudioVersion = 10.0.40219.1
Project("{2150E333-8FDC-42A3-9474-1A3956D46DE8}") = "Grundkurs", "Grundkurs", "{511B7529-47C2-4A1E-B0E8-23B12F56A807}"
EndProject
Project("{9A19103F-16F7-4668-BE54-9A1E7A4F7556}") = "M002", "Grundkurs\M002\M002.csproj", "{2E616266-8B73-455A-ADB4-BAFFC4EA7184}"
EndProject
Project("{9A19103F-16F7-4668-BE54-9A1E7A4F7556}") = "M003", "Grundkurs\M003\M003.csproj", "{A175E499-18BC-4E32-9F1A-1D5AA0AE2C4F}"
EndProject
Project("{9A19103F-16F7-4668-BE54-9A1E7A4F7556}") = "M004", "Grundkurs\M004\M004.csproj", "{F21C423A-5B36-403B-911D-8D990093C649}"
EndProject
Project("{9A19103F-16F7-4668-BE54-9A1E7A4F7556}") = "M005", "Grundkurs\M005\M005.csproj", "{17959932-4A7E-4BB8-B995-2F7B11072B71}"
EndProject
Project("{9A19103F-16F7-4668-BE54-9A1E7A4F7556}") = "M006", "Grundkurs\M006\M006.csproj", "{C848B200-440C-4D2C-B14A-891AF0ADFA87}"
EndProject
Project("{9A19103F-16F7-4668-BE54-9A1E7A4F7556}") = "M007", "Grundkurs\M007\M007.csproj", "{C0932F71-65C7-4DBE-89C4-188E89E9F90B}"
EndProject
Project("{9A19103F-16F7-4668-BE54-9A1E7A4F7556}") = "M008", "Grundkurs\M008\M008.csproj", "{1B32E24E-47DC-4968-8C8D-D368F1A6B50E}"
EndProject
Project("{9A19103F-16F7-4668-BE54-9A1E7A4F7556}") = "M009", "Grundkurs\M009\M009.csproj", "{FD96491E-A3F3-4574-839F-69788852EF07}"
EndProject
Project("{9A19103F-16F7-4668-BE54-9A1E7A4F7556}") = "M010", "Grundkurs\M010\M010.csproj", "{AE0D2DD4-AD70-447E-9E1B-37C4E1E496E7}"
EndProject
Project("{9A19103F-16F7-4668-BE54-9A1E7A4F7556}") = "M011", "Grundkurs\M011\M011.csproj", "{3AE06472-D25D-4514-B00A-476AD5BB956D}"
EndProject
Project("{9A19103F-16F7-4668-BE54-9A1E7A4F7556}") = "M012", "Grundkurs\M012\M012.csproj", "{DE3F7217-6BBE-42DB-9771-C8C46D6A9566}"
EndProject
Project("{9A19103F-16F7-4668-BE54-9A1E7A4F7556}") = "Sprachfeatures", "Sprachfeatures\Sprachfeatures.csproj", "{0BB1195D-2AF8-40A3-ACCE-A3A0F76D4BE9}"
EndProject
Project("{9A19103F-16F7-4668-BE54-9A1E7A4F7556}") = "TopLevelStatements", "TopLevelStatements\TopLevelStatements.csproj", "{55EB968C-44F4-49E7-BC4F-8DC011EB332D}"
EndProject
Project("{9A19103F-16F7-4668-BE54-9A1E7A4F7556}") = "DelegatesEvents", "DelegatesEvents\DelegatesEvents.csproj", "{7095589F-57FF-47EE-8C0B-1F446D5852CE}"
EndProject
Project("{9A19103F-16F7-4668-BE54-9A1E7A4F7556}") = "Generics", "Generics\Generics.csproj", "{2BC667B6-3961-42C5-B3A1-3B32746FA2FC}"
EndProject
Project("{9A19103F-16F7-4668-BE54-9A1E7A4F7556}") = "Serialisierung", "Serialisierung\Serialisierung.csproj", "{F6B38A7D-E857-4F52-B1E4-A1EC521E76A5}"
EndProject
Project("{9A19103F-16F7-4668-BE54-9A1E7A4F7556}") = "LinqErweiterungsmethoden", "LinqErweiterungsmethoden\LinqErweiterungsmethoden.csproj", "{DE23E5D0-00C0-4F77-9DA1-C948C44F5AEF}"
EndProject
Project("{9A19103F-16F7-4668-BE54-9A1E7A4F7556}") = "Multitasking", "Multitasking\Multitasking.csproj", "{6393E503-CC85-43D2-BF3C-9E57B2F46E90}"
EndProject
Project("{9A19103F-16F7-4668-BE54-9A1E7A4F7556}") = "AsyncAwait", "AsyncAwait\AsyncAwait.csproj", "{BB8AF1D9-85C0-4B45-9C0B-4FD177322816}"
EndProject
Project("{9A19103F-16F7-4668-BE54-9A1E7A4F7556}") = "AsyncAwaitWPF", "AsyncAwaitWPF\AsyncAwaitWPF.csproj", "{D407EBDA-A15A-4551-9E85-F442B1989921}"
EndProject
Project("{9A19103F-16F7-4668-BE54-9A1E7A4F7556}") = "Reflection", "Reflection\Reflection.csproj", "{CA39A857-7F34-4583-8CC8-F2BF417ACC0F}"
EndProject
Project("{9A19103F-16F7-4668-BE54-9A1E7A4F7556}") = "Plugin", "Plugin\Plugin.csproj", "{3699E3F5-F0C0-4C66-813E-94D9A0AFF3FF}"
EndProject
Project("{9A19103F-16F7-4668-BE54-9A1E7A4F7556}") = "PluginBase", "PluginBase\PluginBase.csproj", "{51866FA8-5B1E-459A-A0D6-864E560695E9}"
EndProject
Project("{9A19103F-16F7-4668-BE54-9A1E7A4F7556}") = "PluginClient", "PluginClient\PluginClient.csproj", "{781022AA-59D8-4D70-9E20-465A9B42388C}"
EndProject
Project("{9A19103F-16F7-4668-BE54-9A1E7A4F7556}") = "Benchmarks", "Benchmarks\Benchmarks.csproj", "{3FF27B91-C807-4317-844D-D257AA018AC0}"
EndProject
Project("{FAE04EC0-301F-11D3-BF4B-00C04F79EFBC}") = "Sonstiges", "Sonstiges\Sonstiges.csproj", "{99CB0059-CFA0-4DDE-B93B-0D4AEC1E86F7}"
EndProject
Global
	GlobalSection(SolutionConfigurationPlatforms) = preSolution
		Debug|Any CPU = Debug|Any CPU
		Release|Any CPU = Release|Any CPU
	EndGlobalSection
	GlobalSection(ProjectConfigurationPlatforms) = postSolution
		{2E616266-8B73-455A-ADB4-BAFFC4EA7184}.Debug|Any CPU.ActiveCfg = Debug|Any CPU
		{2E616266-8B73-455A-ADB4-BAFFC4EA7184}.Debug|Any CPU.Build.0 = Debug|Any CPU
		{2E616266-8B73-455A-ADB4-BAFFC4EA7184}.Release|Any CPU.ActiveCfg = Release|Any CPU
		{2E616266-8B73-455A-ADB4-BAFFC4EA7184}.Release|Any CPU.Build.0 = Release|Any CPU
		{A175E499-18BC-4E32-9F1A-1D5AA0AE2C4F}.Debug|Any CPU.ActiveCfg = Debug|Any CPU
		{A175E499-18BC-4E32-9F1A-1D5AA0AE2C4F}.Debug|Any CPU.Build.0 = Debug|Any CPU
		{A175E499-18BC-4E32-9F1A-1D5AA0AE2C4F}.Release|Any CPU.ActiveCfg = Release|Any CPU
		{A175E499-18BC-4E32-9F1A-1D5AA0AE2C4F}.Release|Any CPU.Build.0 = Release|Any CPU
		{F21C423A-5B36-403B-911D-8D990093C649}.Debug|Any CPU.ActiveCfg = Debug|Any CPU
		{F21C423A-5B36-403B-911D-8D990093C649}.Debug|Any CPU.Build.0 = Debug|Any CPU
		{F21C423A-5B36-403B-911D-8D990093C649}.Release|Any CPU.ActiveCfg = Release|Any CPU
		{F21C423A-5B36-403B-911D-8D990093C649}.Release|Any CPU.Build.0 = Release|Any CPU
		{17959932-4A7E-4BB8-B995-2F7B11072B71}.Debug|Any CPU.ActiveCfg = Debug|Any CPU
		{17959932-4A7E-4BB8-B995-2F7B11072B71}.Debug|Any CPU.Build.0 = Debug|Any CPU
		{17959932-4A7E-4BB8-B995-2F7B11072B71}.Release|Any CPU.ActiveCfg = Release|Any CPU
		{17959932-4A7E-4BB8-B995-2F7B11072B71}.Release|Any CPU.Build.0 = Release|Any CPU
		{C848B200-440C-4D2C-B14A-891AF0ADFA87}.Debug|Any CPU.ActiveCfg = Debug|Any CPU
		{C848B200-440C-4D2C-B14A-891AF0ADFA87}.Debug|Any CPU.Build.0 = Debug|Any CPU
		{C848B200-440C-4D2C-B14A-891AF0ADFA87}.Release|Any CPU.ActiveCfg = Release|Any CPU
		{C848B200-440C-4D2C-B14A-891AF0ADFA87}.Release|Any CPU.Build.0 = Release|Any CPU
		{C0932F71-65C7-4DBE-89C4-188E89E9F90B}.Debug|Any CPU.ActiveCfg = Debug|Any CPU
		{C0932F71-65C7-4DBE-89C4-188E89E9F90B}.Debug|Any CPU.Build.0 = Debug|Any CPU
		{C0932F71-65C7-4DBE-89C4-188E89E9F90B}.Release|Any CPU.ActiveCfg = Release|Any CPU
		{C0932F71-65C7-4DBE-89C4-188E89E9F90B}.Release|Any CPU.Build.0 = Release|Any CPU
		{1B32E24E-47DC-4968-8C8D-D368F1A6B50E}.Debug|Any CPU.ActiveCfg = Debug|Any CPU
		{1B32E24E-47DC-4968-8C8D-D368F1A6B50E}.Debug|Any CPU.Build.0 = Debug|Any CPU
		{1B32E24E-47DC-4968-8C8D-D368F1A6B50E}.Release|Any CPU.ActiveCfg = Release|Any CPU
		{1B32E24E-47DC-4968-8C8D-D368F1A6B50E}.Release|Any CPU.Build.0 = Release|Any CPU
		{FD96491E-A3F3-4574-839F-69788852EF07}.Debug|Any CPU.ActiveCfg = Debug|Any CPU
		{FD96491E-A3F3-4574-839F-69788852EF07}.Debug|Any CPU.Build.0 = Debug|Any CPU
		{FD96491E-A3F3-4574-839F-69788852EF07}.Release|Any CPU.ActiveCfg = Release|Any CPU
		{FD96491E-A3F3-4574-839F-69788852EF07}.Release|Any CPU.Build.0 = Release|Any CPU
		{AE0D2DD4-AD70-447E-9E1B-37C4E1E496E7}.Debug|Any CPU.ActiveCfg = Debug|Any CPU
		{AE0D2DD4-AD70-447E-9E1B-37C4E1E496E7}.Debug|Any CPU.Build.0 = Debug|Any CPU
		{AE0D2DD4-AD70-447E-9E1B-37C4E1E496E7}.Release|Any CPU.ActiveCfg = Release|Any CPU
		{AE0D2DD4-AD70-447E-9E1B-37C4E1E496E7}.Release|Any CPU.Build.0 = Release|Any CPU
		{3AE06472-D25D-4514-B00A-476AD5BB956D}.Debug|Any CPU.ActiveCfg = Debug|Any CPU
		{3AE06472-D25D-4514-B00A-476AD5BB956D}.Debug|Any CPU.Build.0 = Debug|Any CPU
		{3AE06472-D25D-4514-B00A-476AD5BB956D}.Release|Any CPU.ActiveCfg = Release|Any CPU
		{3AE06472-D25D-4514-B00A-476AD5BB956D}.Release|Any CPU.Build.0 = Release|Any CPU
		{DE3F7217-6BBE-42DB-9771-C8C46D6A9566}.Debug|Any CPU.ActiveCfg = Debug|Any CPU
		{DE3F7217-6BBE-42DB-9771-C8C46D6A9566}.Debug|Any CPU.Build.0 = Debug|Any CPU
		{DE3F7217-6BBE-42DB-9771-C8C46D6A9566}.Release|Any CPU.ActiveCfg = Release|Any CPU
		{DE3F7217-6BBE-42DB-9771-C8C46D6A9566}.Release|Any CPU.Build.0 = Release|Any CPU
		{0BB1195D-2AF8-40A3-ACCE-A3A0F76D4BE9}.Debug|Any CPU.ActiveCfg = Debug|Any CPU
		{0BB1195D-2AF8-40A3-ACCE-A3A0F76D4BE9}.Debug|Any CPU.Build.0 = Debug|Any CPU
		{0BB1195D-2AF8-40A3-ACCE-A3A0F76D4BE9}.Release|Any CPU.ActiveCfg = Release|Any CPU
		{0BB1195D-2AF8-40A3-ACCE-A3A0F76D4BE9}.Release|Any CPU.Build.0 = Release|Any CPU
		{55EB968C-44F4-49E7-BC4F-8DC011EB332D}.Debug|Any CPU.ActiveCfg = Debug|Any CPU
		{55EB968C-44F4-49E7-BC4F-8DC011EB332D}.Debug|Any CPU.Build.0 = Debug|Any CPU
		{55EB968C-44F4-49E7-BC4F-8DC011EB332D}.Release|Any CPU.ActiveCfg = Release|Any CPU
		{55EB968C-44F4-49E7-BC4F-8DC011EB332D}.Release|Any CPU.Build.0 = Release|Any CPU
		{7095589F-57FF-47EE-8C0B-1F446D5852CE}.Debug|Any CPU.ActiveCfg = Debug|Any CPU
		{7095589F-57FF-47EE-8C0B-1F446D5852CE}.Debug|Any CPU.Build.0 = Debug|Any CPU
		{7095589F-57FF-47EE-8C0B-1F446D5852CE}.Release|Any CPU.ActiveCfg = Release|Any CPU
		{7095589F-57FF-47EE-8C0B-1F446D5852CE}.Release|Any CPU.Build.0 = Release|Any CPU
		{2BC667B6-3961-42C5-B3A1-3B32746FA2FC}.Debug|Any CPU.ActiveCfg = Debug|Any CPU
		{2BC667B6-3961-42C5-B3A1-3B32746FA2FC}.Debug|Any CPU.Build.0 = Debug|Any CPU
		{2BC667B6-3961-42C5-B3A1-3B32746FA2FC}.Release|Any CPU.ActiveCfg = Release|Any CPU
		{2BC667B6-3961-42C5-B3A1-3B32746FA2FC}.Release|Any CPU.Build.0 = Release|Any CPU
		{F6B38A7D-E857-4F52-B1E4-A1EC521E76A5}.Debug|Any CPU.ActiveCfg = Debug|Any CPU
		{F6B38A7D-E857-4F52-B1E4-A1EC521E76A5}.Debug|Any CPU.Build.0 = Debug|Any CPU
		{F6B38A7D-E857-4F52-B1E4-A1EC521E76A5}.Release|Any CPU.ActiveCfg = Release|Any CPU
		{F6B38A7D-E857-4F52-B1E4-A1EC521E76A5}.Release|Any CPU.Build.0 = Release|Any CPU
		{DE23E5D0-00C0-4F77-9DA1-C948C44F5AEF}.Debug|Any CPU.ActiveCfg = Debug|Any CPU
		{DE23E5D0-00C0-4F77-9DA1-C948C44F5AEF}.Debug|Any CPU.Build.0 = Debug|Any CPU
		{DE23E5D0-00C0-4F77-9DA1-C948C44F5AEF}.Release|Any CPU.ActiveCfg = Release|Any CPU
		{DE23E5D0-00C0-4F77-9DA1-C948C44F5AEF}.Release|Any CPU.Build.0 = Release|Any CPU
		{6393E503-CC85-43D2-BF3C-9E57B2F46E90}.Debug|Any CPU.ActiveCfg = Debug|Any CPU
		{6393E503-CC85-43D2-BF3C-9E57B2F46E90}.Debug|Any CPU.Build.0 = Debug|Any CPU
		{6393E503-CC85-43D2-BF3C-9E57B2F46E90}.Release|Any CPU.ActiveCfg = Release|Any CPU
		{6393E503-CC85-43D2-BF3C-9E57B2F46E90}.Release|Any CPU.Build.0 = Release|Any CPU
		{BB8AF1D9-85C0-4B45-9C0B-4FD177322816}.Debug|Any CPU.ActiveCfg = Debug|Any CPU
		{BB8AF1D9-85C0-4B45-9C0B-4FD177322816}.Debug|Any CPU.Build.0 = Debug|Any CPU
		{BB8AF1D9-85C0-4B45-9C0B-4FD177322816}.Release|Any CPU.ActiveCfg = Release|Any CPU
		{BB8AF1D9-85C0-4B45-9C0B-4FD177322816}.Release|Any CPU.Build.0 = Release|Any CPU
		{D407EBDA-A15A-4551-9E85-F442B1989921}.Debug|Any CPU.ActiveCfg = Debug|Any CPU
		{D407EBDA-A15A-4551-9E85-F442B1989921}.Debug|Any CPU.Build.0 = Debug|Any CPU
		{D407EBDA-A15A-4551-9E85-F442B1989921}.Release|Any CPU.ActiveCfg = Release|Any CPU
		{D407EBDA-A15A-4551-9E85-F442B1989921}.Release|Any CPU.Build.0 = Release|Any CPU
		{CA39A857-7F34-4583-8CC8-F2BF417ACC0F}.Debug|Any CPU.ActiveCfg = Debug|Any CPU
		{CA39A857-7F34-4583-8CC8-F2BF417ACC0F}.Debug|Any CPU.Build.0 = Debug|Any CPU
		{CA39A857-7F34-4583-8CC8-F2BF417ACC0F}.Release|Any CPU.ActiveCfg = Release|Any CPU
		{CA39A857-7F34-4583-8CC8-F2BF417ACC0F}.Release|Any CPU.Build.0 = Release|Any CPU
		{3699E3F5-F0C0-4C66-813E-94D9A0AFF3FF}.Debug|Any CPU.ActiveCfg = Debug|Any CPU
		{3699E3F5-F0C0-4C66-813E-94D9A0AFF3FF}.Debug|Any CPU.Build.0 = Debug|Any CPU
		{3699E3F5-F0C0-4C66-813E-94D9A0AFF3FF}.Release|Any CPU.ActiveCfg = Release|Any CPU
		{3699E3F5-F0C0-4C66-813E-94D9A0AFF3FF}.Release|Any CPU.Build.0 = Release|Any CPU
		{51866FA8-5B1E-459A-A0D6-864E560695E9}.Debug|Any CPU.ActiveCfg = Debug|Any CPU
		{51866FA8-5B1E-459A-A0D6-864E560695E9}.Debug|Any CPU.Build.0 = Debug|Any CPU
		{51866FA8-5B1E-459A-A0D6-864E560695E9}.Release|Any CPU.ActiveCfg = Release|Any CPU
		{51866FA8-5B1E-459A-A0D6-864E560695E9}.Release|Any CPU.Build.0 = Release|Any CPU
		{781022AA-59D8-4D70-9E20-465A9B42388C}.Debug|Any CPU.ActiveCfg = Debug|Any CPU
		{781022AA-59D8-4D70-9E20-465A9B42388C}.Debug|Any CPU.Build.0 = Debug|Any CPU
		{781022AA-59D8-4D70-9E20-465A9B42388C}.Release|Any CPU.ActiveCfg = Release|Any CPU
		{781022AA-59D8-4D70-9E20-465A9B42388C}.Release|Any CPU.Build.0 = Release|Any CPU
		{3FF27B91-C807-4317-844D-D257AA018AC0}.Debug|Any CPU.ActiveCfg = Debug|Any CPU
		{3FF27B91-C807-4317-844D-D257AA018AC0}.Debug|Any CPU.Build.0 = Debug|Any CPU
		{3FF27B91-C807-4317-844D-D257AA018AC0}.Release|Any CPU.ActiveCfg = Release|Any CPU
		{3FF27B91-C807-4317-844D-D257AA018AC0}.Release|Any CPU.Build.0 = Release|Any CPU
		{99CB0059-CFA0-4DDE-B93B-0D4AEC1E86F7}.Debug|Any CPU.ActiveCfg = Debug|Any CPU
		{99CB0059-CFA0-4DDE-B93B-0D4AEC1E86F7}.Debug|Any CPU.Build.0 = Debug|Any CPU
		{99CB0059-CFA0-4DDE-B93B-0D4AEC1E86F7}.Release|Any CPU.ActiveCfg = Release|Any CPU
		{99CB0059-CFA0-4DDE-B93B-0D4AEC1E86F7}.Release|Any CPU.Build.0 = Release|Any CPU
	EndGlobalSection
	GlobalSection(SolutionProperties) = preSolution
		HideSolutionNode = FALSE
	EndGlobalSection
	GlobalSection(NestedProjects) = preSolution
		{2E616266-8B73-455A-ADB4-BAFFC4EA7184} = {511B7529-47C2-4A1E-B0E8-23B12F56A807}
		{A175E499-18BC-4E32-9F1A-1D5AA0AE2C4F} = {511B7529-47C2-4A1E-B0E8-23B12F56A807}
		{F21C423A-5B36-403B-911D-8D990093C649} = {511B7529-47C2-4A1E-B0E8-23B12F56A807}
		{17959932-4A7E-4BB8-B995-2F7B11072B71} = {511B7529-47C2-4A1E-B0E8-23B12F56A807}
		{C848B200-440C-4D2C-B14A-891AF0ADFA87} = {511B7529-47C2-4A1E-B0E8-23B12F56A807}
		{C0932F71-65C7-4DBE-89C4-188E89E9F90B} = {511B7529-47C2-4A1E-B0E8-23B12F56A807}
		{1B32E24E-47DC-4968-8C8D-D368F1A6B50E} = {511B7529-47C2-4A1E-B0E8-23B12F56A807}
		{FD96491E-A3F3-4574-839F-69788852EF07} = {511B7529-47C2-4A1E-B0E8-23B12F56A807}
		{AE0D2DD4-AD70-447E-9E1B-37C4E1E496E7} = {511B7529-47C2-4A1E-B0E8-23B12F56A807}
		{3AE06472-D25D-4514-B00A-476AD5BB956D} = {511B7529-47C2-4A1E-B0E8-23B12F56A807}
		{DE3F7217-6BBE-42DB-9771-C8C46D6A9566} = {511B7529-47C2-4A1E-B0E8-23B12F56A807}
	EndGlobalSection
	GlobalSection(ExtensibilityGlobals) = postSolution
		SolutionGuid = {C2D4B834-9B77-40A7-B3A3-2B09BA238A5E}
	EndGlobalSection
EndGlobal
