
Microsoft Visual Studio Solution File, Format Version 12.00
# Visual Studio Version 17
VisualStudioVersion = 17.4.33122.133
MinimumVisualStudioVersion = 10.0.40219.1
Project("{2150E333-8FDC-42A3-9474-1A3956D46DE8}") = "Grundkurs", "Grundkurs", "{511B7529-47C2-4A1E-B0E8-23B12F56A807}"
EndProject
Project("{FAE04EC0-301F-11D3-BF4B-00C04F79EFBC}") = "M002", "M002\M002.csproj", "{2E616266-8B73-455A-ADB4-BAFFC4EA7184}"
EndProject
Global
	GlobalSection(SolutionConfigurationPlatforms) = preSolution
		Debug|Any CPU = Debug|Any CPU
		Release|Any CPU = Release|Any CPU
	EndGlobalSection
	GlobalSection(ProjectConfigurationPlatforms) = postSolution
		{2E616266-8B73-455A-ADB4-BAFFC4EA7184}.Debug|Any CPU.ActiveCfg = Debug|Any CPU
		{2E616266-8B73-455A-ADB4-BAFFC4EA7184}.Debug|Any CPU.Build.0 = Debug|Any CPU
		{2E616266-8B73-455A-ADB4-BAFFC4EA7184}.Release|Any CPU.ActiveCfg = Release|Any CPU
		{2E616266-8B73-455A-ADB4-BAFFC4EA7184}.Release|Any CPU.Build.0 = Release|Any CPU
	EndGlobalSection
	GlobalSection(SolutionProperties) = preSolution
		HideSolutionNode = FALSE
	EndGlobalSection
	GlobalSection(NestedProjects) = preSolution
		{2E616266-8B73-455A-ADB4-BAFFC4EA7184} = {511B7529-47C2-4A1E-B0E8-23B12F56A807}
	EndGlobalSection
	GlobalSection(ExtensibilityGlobals) = postSolution
		SolutionGuid = {C2D4B834-9B77-40A7-B3A3-2B09BA238A5E}
	EndGlobalSection
EndGlobal
